
Microsoft Visual Studio Solution File, Format Version 12.00
# Visual Studio Version 16
VisualStudioVersion = 16.0.34601.136
MinimumVisualStudioVersion = 10.0.40219.1
Project("{FAE04EC0-301F-11D3-BF4B-00C04F79EFBC}") = "Grocery Store Management System 01", "Grocery Store Management System 01.csproj", "{0BCBCD44-1136-4122-B271-3FC1E345D22E}"
EndProject
Global
	GlobalSection(SolutionConfigurationPlatforms) = preSolution
		Debug|Any CPU = Debug|Any CPU
		Release|Any CPU = Release|Any CPU
	EndGlobalSection
	GlobalSection(ProjectConfigurationPlatforms) = postSolution
		{0BCBCD44-1136-4122-B271-3FC1E345D22E}.Debug|Any CPU.ActiveCfg = Debug|Any CPU
		{0BCBCD44-1136-4122-B271-3FC1E345D22E}.Debug|Any CPU.Build.0 = Debug|Any CPU
		{0BCBCD44-1136-4122-B271-3FC1E345D22E}.Release|Any CPU.ActiveCfg = Release|Any CPU
		{0BCBCD44-1136-4122-B271-3FC1E345D22E}.Release|Any CPU.Build.0 = Release|Any CPU
	EndGlobalSection
	GlobalSection(SolutionProperties) = preSolution
		HideSolutionNode = FALSE
	EndGlobalSection
	GlobalSection(ExtensibilityGlobals) = postSolution
		SolutionGuid = {0CDC59D5-23B1-4505-9631-5899EB716966}
	EndGlobalSection
EndGlobal
